
Microsoft Visual Studio Solution File, Format Version 12.00
# Visual Studio Version 18
VisualStudioVersion = 18.4.11605.240
MinimumVisualStudioVersion = 10.0.40219.1
Project("{FAE04EC0-301F-11D3-BF4B-00C04F79EFBC}") = "Common", "src\Common\Common.csproj", "{A1B2C3D4-0000-0000-ABCD-111111111111}"
EndProject
Project("{FAE04EC0-301F-11D3-BF4B-00C04F79EFBC}") = "MCP", "src\MCP\MCP.csproj", "{A1B2C3D4-0000-0000-ABCD-CCCCCCCCCCCC}"
EndProject
Project("{FAE04EC0-301F-11D3-BF4B-00C04F79EFBC}") = "01_01_interaction", "src\01_01_interaction\01_01_interaction.csproj", "{A1B2C3D4-0000-0000-ABCD-222222222222}"
EndProject
Project("{FAE04EC0-301F-11D3-BF4B-00C04F79EFBC}") = "01_01_structured", "src\01_01_structured\01_01_structured.csproj", "{A1B2C3D4-0000-0000-ABCD-333333333333}"
EndProject
Project("{FAE04EC0-301F-11D3-BF4B-00C04F79EFBC}") = "01_01_grounding", "src\01_01_grounding\01_01_grounding.csproj", "{A1B2C3D4-0000-0000-ABCD-444444444444}"
EndProject
Project("{FAE04EC0-301F-11D3-BF4B-00C04F79EFBC}") = "01_02_tools", "src\01_02_tools\01_02_tools.csproj", "{A1B2C3D4-0000-0000-ABCD-555555555555}"
EndProject
Project("{FAE04EC0-301F-11D3-BF4B-00C04F79EFBC}") = "01_02_tool_use", "src\01_02_tool_use\01_02_tool_use.csproj", "{A1B2C3D4-0000-0000-ABCD-666666666666}"
EndProject
Project("{FAE04EC0-301F-11D3-BF4B-00C04F79EFBC}") = "01_03_mcp_core", "src\01_03_mcp_core\01_03_mcp_core.csproj", "{A1B2C3D4-0000-0000-ABCD-777777777701}"
EndProject
Project("{FAE04EC0-301F-11D3-BF4B-00C04F79EFBC}") = "01_03_mcp_native", "src\01_03_mcp_native\01_03_mcp_native.csproj", "{A1B2C3D4-0000-0000-ABCD-777777777702}"
EndProject
Project("{FAE04EC0-301F-11D3-BF4B-00C04F79EFBC}") = "01_03_mcp_translator", "src\01_03_mcp_translator\01_03_mcp_translator.csproj", "{A1B2C3D4-0000-0000-ABCD-777777777703}"
EndProject
Project("{FAE04EC0-301F-11D3-BF4B-00C04F79EFBC}") = "01_03_upload_mcp", "src\01_03_upload_mcp\01_03_upload_mcp.csproj", "{A1B2C3D4-0000-0000-ABCD-777777777704}"
EndProject
Project("{FAE04EC0-301F-11D3-BF4B-00C04F79EFBC}") = "01_04_audio", "src\01_04_audio\01_04_audio.csproj", "{A1B2C3D4-0000-0000-ABCD-888888888801}"
EndProject
Project("{FAE04EC0-301F-11D3-BF4B-00C04F79EFBC}") = "01_04_image_recognition", "src\01_04_image_recognition\01_04_image_recognition.csproj", "{A1B2C3D4-0000-0000-ABCD-888888888802}"
EndProject
Project("{FAE04EC0-301F-11D3-BF4B-00C04F79EFBC}") = "01_04_image_editing", "src\01_04_image_editing\01_04_image_editing.csproj", "{A1B2C3D4-0000-0000-ABCD-888888888803}"
EndProject
Project("{FAE04EC0-301F-11D3-BF4B-00C04F79EFBC}") = "01_04_image_guidance", "src\01_04_image_guidance\01_04_image_guidance.csproj", "{A1B2C3D4-0000-0000-ABCD-888888888804}"
EndProject
Project("{FAE04EC0-301F-11D3-BF4B-00C04F79EFBC}") = "01_04_json_image", "src\01_04_json_image\01_04_json_image.csproj", "{A1B2C3D4-0000-0000-ABCD-888888888805}"
EndProject
Project("{FAE04EC0-301F-11D3-BF4B-00C04F79EFBC}") = "01_04_reports", "src\01_04_reports\01_04_reports.csproj", "{A1B2C3D4-0000-0000-ABCD-888888888806}"
EndProject
Project("{FAE04EC0-301F-11D3-BF4B-00C04F79EFBC}") = "01_05_confirmation", "src\01_05_confirmation\01_05_confirmation.csproj", "{A1B2C3D4-0000-0000-ABCD-999999999901}"
EndProject
Project("{FAE04EC0-301F-11D3-BF4B-00C04F79EFBC}") = "01_05_agent", "src\01_05_agent\01_05_agent.csproj", "{A1B2C3D4-0000-0000-ABCD-999999999902}"
EndProject
Project("{FAE04EC0-301F-11D3-BF4B-00C04F79EFBC}") = "02_01_agentic_rag", "src\02_01_agentic_rag\02_01_agentic_rag.csproj", "{A1B2C3D4-0000-0000-ABCD-000000000001}"
EndProject
Project("{FAE04EC0-301F-11D3-BF4B-00C04F79EFBC}") = "02_02_chunking", "src\02_02_chunking\02_02_chunking.csproj", "{A1B2C3D4-0000-0000-ABCD-000000000002}"
EndProject
Project("{FAE04EC0-301F-11D3-BF4B-00C04F79EFBC}") = "02_02_embedding", "src\02_02_embedding\02_02_embedding.csproj", "{A1B2C3D4-0000-0000-ABCD-000000000003}"
EndProject
Project("{FAE04EC0-301F-11D3-BF4B-00C04F79EFBC}") = "02_02_hybrid_rag", "src\02_02_hybrid_rag\02_02_hybrid_rag.csproj", "{A1B2C3D4-0000-0000-ABCD-000000000004}"
EndProject
Project("{FAE04EC0-301F-11D3-BF4B-00C04F79EFBC}") = "02_03_graph_agents", "src\02_03_graph_agents\02_03_graph_agents.csproj", "{A1B2C3D4-0000-0000-ABCD-000000000005}"
EndProject
Project("{FAE04EC0-301F-11D3-BF4B-00C04F79EFBC}") = "02_04_ops", "src\02_04_ops\02_04_ops.csproj", "{A1B2C3D4-0000-0000-ABCD-000000000006}"
EndProject
Project("{FAE04EC0-301F-11D3-BF4B-00C04F79EFBC}") = "02_05_sandbox", "src\02_05_sandbox\02_05_sandbox.csproj", "{A1B2C3D4-0000-0000-ABCD-000000000007}"
EndProject
Project("{FAE04EC0-301F-11D3-BF4B-00C04F79EFBC}") = "03_01_observability", "src\03_01_observability\03_01_observability.csproj", "{A1B2C3D4-0000-0000-ABCD-030100000001}"
EndProject
Project("{FAE04EC0-301F-11D3-BF4B-00C04F79EFBC}") = "03_01_evals", "src\03_01_evals\03_01_evals.csproj", "{A1B2C3D4-0000-0000-ABCD-030100000002}"
EndProject
Project("{FAE04EC0-301F-11D3-BF4B-00C04F79EFBC}") = "03_02_email", "src\03_02_email\03_02_email.csproj", "{50C9D34D-BD10-4C1C-AD9A-2C8639CFA63F}"
EndProject
Project("{FAE04EC0-301F-11D3-BF4B-00C04F79EFBC}") = "03_02_code", "src\03_02_code\03_02_code.csproj", "{3D768699-8C71-4384-AA6B-7DCF1B942E46}"
EndProject
Project("{FAE04EC0-301F-11D3-BF4B-00C04F79EFBC}") = "03_02_events", "src\03_02_events\03_02_events.csproj", "{38777AFB-1CBB-B71C-124A-33B78D2D2CCC}"
EndProject
Project("{2150E333-8FDC-42A3-9474-1A3956D46DE8}") = "src", "src", "{827E0CD3-B72D-47B6-A68D-7590B98EB39B}"
EndProject
Project("{FAE04EC0-301F-11D3-BF4B-00C04F79EFBC}") = "03_03_calendar", "src\03_03_calendar\03_03_calendar.csproj", "{239F1F64-7234-4611-9B6B-5A88D240727E}"
EndProject
Project("{FAE04EC0-301F-11D3-BF4B-00C04F79EFBC}") = "03_03_browser", "src\03_03_browser\03_03_browser.csproj", "{A1B2C3D4-0000-0000-ABCD-030300000001}"
EndProject
Project("{FAE04EC0-301F-11D3-BF4B-00C04F79EFBC}") = "03_03_language", "src\03_03_language\03_03_language.csproj", "{AD78F9C4-4330-477D-B419-35AB0871634A}"
EndProject
Project("{FAE04EC0-301F-11D3-BF4B-00C04F79EFBC}") = "01_04_video", "src\01_04_video\01_04_video.csproj", "{F0552DBC-A608-4AC0-B3F3-641CDBB955B7}"
EndProject
Project("{FAE04EC0-301F-11D3-BF4B-00C04F79EFBC}") = "01_04_video_generation", "src\01_04_video_generation\01_04_video_generation.csproj", "{108AE88B-E60E-4DCB-B73B-35D7FE356D49}"
EndProject
Project("{FAE04EC0-301F-11D3-BF4B-00C04F79EFBC}") = "02_05_agent", "src\02_05_agent\02_05_agent.csproj", "{7C69FDED-94F9-42D2-A40A-7806FE4FA8FA}"
EndProject
Project("{FAE04EC0-301F-11D3-BF4B-00C04F79EFBC}") = "03_04_gmail", "src\03_04_gmail\03_04_gmail.csproj", "{1CEF7B13-0B4A-42ED-99D0-6258FBCA4C49}"
EndProject
Project("{FAE04EC0-301F-11D3-BF4B-00C04F79EFBC}") = "03_05_awareness", "src\03_05_awareness\03_05_awareness.csproj", "{86A591FC-730A-45AC-9DF9-6D4D48718A97}"
EndProject
Project("{FAE04EC0-301F-11D3-BF4B-00C04F79EFBC}") = "03_05_apps", "src\03_05_apps\03_05_apps.csproj", "{ECE9EEF2-6502-49CA-A558-FD4E30F0BE86}"
EndProject
Project("{FAE04EC0-301F-11D3-BF4B-00C04F79EFBC}") = "03_05_artifacts", "src\03_05_artifacts\03_05_artifacts.csproj", "{86680B79-8CDC-4554-809B-237822AAF9B1}"
EndProject
Project("{FAE04EC0-301F-11D3-BF4B-00C04F79EFBC}") = "03_05_render", "src\03_05_render\03_05_render.csproj", "{21AEE7EA-237D-4631-A9CD-B01037B1E4D3}"
EndProject
Project("{FAE04EC0-301F-11D3-BF4B-00C04F79EFBC}") = "04_01_garden", "src\04_01_garden\04_01_garden.csproj", "{A1055BF4-4DB0-4CC5-8301-E8B893F18AA8}"
EndProject
Global
	GlobalSection(SolutionConfigurationPlatforms) = preSolution
		Debug|Any CPU = Debug|Any CPU
		Debug|x64 = Debug|x64
		Debug|x86 = Debug|x86
		Release|Any CPU = Release|Any CPU
		Release|x64 = Release|x64
		Release|x86 = Release|x86
	EndGlobalSection
	GlobalSection(ProjectConfigurationPlatforms) = postSolution
		{A1B2C3D4-0000-0000-ABCD-111111111111}.Debug|Any CPU.ActiveCfg = Debug|Any CPU
		{A1B2C3D4-0000-0000-ABCD-111111111111}.Debug|Any CPU.Build.0 = Debug|Any CPU
		{A1B2C3D4-0000-0000-ABCD-111111111111}.Debug|x64.ActiveCfg = Debug|Any CPU
		{A1B2C3D4-0000-0000-ABCD-111111111111}.Debug|x64.Build.0 = Debug|Any CPU
		{A1B2C3D4-0000-0000-ABCD-111111111111}.Debug|x86.ActiveCfg = Debug|Any CPU
		{A1B2C3D4-0000-0000-ABCD-111111111111}.Debug|x86.Build.0 = Debug|Any CPU
		{A1B2C3D4-0000-0000-ABCD-111111111111}.Release|Any CPU.ActiveCfg = Release|Any CPU
		{A1B2C3D4-0000-0000-ABCD-111111111111}.Release|Any CPU.Build.0 = Release|Any CPU
		{A1B2C3D4-0000-0000-ABCD-111111111111}.Release|x64.ActiveCfg = Release|Any CPU
		{A1B2C3D4-0000-0000-ABCD-111111111111}.Release|x64.Build.0 = Release|Any CPU
		{A1B2C3D4-0000-0000-ABCD-111111111111}.Release|x86.ActiveCfg = Release|Any CPU
		{A1B2C3D4-0000-0000-ABCD-111111111111}.Release|x86.Build.0 = Release|Any CPU
		{A1B2C3D4-0000-0000-ABCD-CCCCCCCCCCCC}.Debug|Any CPU.ActiveCfg = Debug|Any CPU
		{A1B2C3D4-0000-0000-ABCD-CCCCCCCCCCCC}.Debug|Any CPU.Build.0 = Debug|Any CPU
		{A1B2C3D4-0000-0000-ABCD-CCCCCCCCCCCC}.Debug|x64.ActiveCfg = Debug|Any CPU
		{A1B2C3D4-0000-0000-ABCD-CCCCCCCCCCCC}.Debug|x64.Build.0 = Debug|Any CPU
		{A1B2C3D4-0000-0000-ABCD-CCCCCCCCCCCC}.Debug|x86.ActiveCfg = Debug|Any CPU
		{A1B2C3D4-0000-0000-ABCD-CCCCCCCCCCCC}.Debug|x86.Build.0 = Debug|Any CPU
		{A1B2C3D4-0000-0000-ABCD-CCCCCCCCCCCC}.Release|Any CPU.ActiveCfg = Release|Any CPU
		{A1B2C3D4-0000-0000-ABCD-CCCCCCCCCCCC}.Release|Any CPU.Build.0 = Release|Any CPU
		{A1B2C3D4-0000-0000-ABCD-CCCCCCCCCCCC}.Release|x64.ActiveCfg = Release|Any CPU
		{A1B2C3D4-0000-0000-ABCD-CCCCCCCCCCCC}.Release|x64.Build.0 = Release|Any CPU
		{A1B2C3D4-0000-0000-ABCD-CCCCCCCCCCCC}.Release|x86.ActiveCfg = Release|Any CPU
		{A1B2C3D4-0000-0000-ABCD-CCCCCCCCCCCC}.Release|x86.Build.0 = Release|Any CPU
		{A1B2C3D4-0000-0000-ABCD-222222222222}.Debug|Any CPU.ActiveCfg = Debug|Any CPU
		{A1B2C3D4-0000-0000-ABCD-222222222222}.Debug|Any CPU.Build.0 = Debug|Any CPU
		{A1B2C3D4-0000-0000-ABCD-222222222222}.Debug|x64.ActiveCfg = Debug|Any CPU
		{A1B2C3D4-0000-0000-ABCD-222222222222}.Debug|x64.Build.0 = Debug|Any CPU
		{A1B2C3D4-0000-0000-ABCD-222222222222}.Debug|x86.ActiveCfg = Debug|Any CPU
		{A1B2C3D4-0000-0000-ABCD-222222222222}.Debug|x86.Build.0 = Debug|Any CPU
		{A1B2C3D4-0000-0000-ABCD-222222222222}.Release|Any CPU.ActiveCfg = Release|Any CPU
		{A1B2C3D4-0000-0000-ABCD-222222222222}.Release|Any CPU.Build.0 = Release|Any CPU
		{A1B2C3D4-0000-0000-ABCD-222222222222}.Release|x64.ActiveCfg = Release|Any CPU
		{A1B2C3D4-0000-0000-ABCD-222222222222}.Release|x64.Build.0 = Release|Any CPU
		{A1B2C3D4-0000-0000-ABCD-222222222222}.Release|x86.ActiveCfg = Release|Any CPU
		{A1B2C3D4-0000-0000-ABCD-222222222222}.Release|x86.Build.0 = Release|Any CPU
		{A1B2C3D4-0000-0000-ABCD-333333333333}.Debug|Any CPU.ActiveCfg = Debug|Any CPU
		{A1B2C3D4-0000-0000-ABCD-333333333333}.Debug|Any CPU.Build.0 = Debug|Any CPU
		{A1B2C3D4-0000-0000-ABCD-333333333333}.Debug|x64.ActiveCfg = Debug|Any CPU
		{A1B2C3D4-0000-0000-ABCD-333333333333}.Debug|x64.Build.0 = Debug|Any CPU
		{A1B2C3D4-0000-0000-ABCD-333333333333}.Debug|x86.ActiveCfg = Debug|Any CPU
		{A1B2C3D4-0000-0000-ABCD-333333333333}.Debug|x86.Build.0 = Debug|Any CPU
		{A1B2C3D4-0000-0000-ABCD-333333333333}.Release|Any CPU.ActiveCfg = Release|Any CPU
		{A1B2C3D4-0000-0000-ABCD-333333333333}.Release|Any CPU.Build.0 = Release|Any CPU
		{A1B2C3D4-0000-0000-ABCD-333333333333}.Release|x64.ActiveCfg = Release|Any CPU
		{A1B2C3D4-0000-0000-ABCD-333333333333}.Release|x64.Build.0 = Release|Any CPU
		{A1B2C3D4-0000-0000-ABCD-333333333333}.Release|x86.ActiveCfg = Release|Any CPU
		{A1B2C3D4-0000-0000-ABCD-333333333333}.Release|x86.Build.0 = Release|Any CPU
		{A1B2C3D4-0000-0000-ABCD-444444444444}.Debug|Any CPU.ActiveCfg = Debug|Any CPU
		{A1B2C3D4-0000-0000-ABCD-444444444444}.Debug|Any CPU.Build.0 = Debug|Any CPU
		{A1B2C3D4-0000-0000-ABCD-444444444444}.Debug|x64.ActiveCfg = Debug|Any CPU
		{A1B2C3D4-0000-0000-ABCD-444444444444}.Debug|x64.Build.0 = Debug|Any CPU
		{A1B2C3D4-0000-0000-ABCD-444444444444}.Debug|x86.ActiveCfg = Debug|Any CPU
		{A1B2C3D4-0000-0000-ABCD-444444444444}.Debug|x86.Build.0 = Debug|Any CPU
		{A1B2C3D4-0000-0000-ABCD-444444444444}.Release|Any CPU.ActiveCfg = Release|Any CPU
		{A1B2C3D4-0000-0000-ABCD-444444444444}.Release|Any CPU.Build.0 = Release|Any CPU
		{A1B2C3D4-0000-0000-ABCD-444444444444}.Release|x64.ActiveCfg = Release|Any CPU
		{A1B2C3D4-0000-0000-ABCD-444444444444}.Release|x64.Build.0 = Release|Any CPU
		{A1B2C3D4-0000-0000-ABCD-444444444444}.Release|x86.ActiveCfg = Release|Any CPU
		{A1B2C3D4-0000-0000-ABCD-444444444444}.Release|x86.Build.0 = Release|Any CPU
		{A1B2C3D4-0000-0000-ABCD-555555555555}.Debug|Any CPU.ActiveCfg = Debug|Any CPU
		{A1B2C3D4-0000-0000-ABCD-555555555555}.Debug|Any CPU.Build.0 = Debug|Any CPU
		{A1B2C3D4-0000-0000-ABCD-555555555555}.Debug|x64.ActiveCfg = Debug|Any CPU
		{A1B2C3D4-0000-0000-ABCD-555555555555}.Debug|x64.Build.0 = Debug|Any CPU
		{A1B2C3D4-0000-0000-ABCD-555555555555}.Debug|x86.ActiveCfg = Debug|Any CPU
		{A1B2C3D4-0000-0000-ABCD-555555555555}.Debug|x86.Build.0 = Debug|Any CPU
		{A1B2C3D4-0000-0000-ABCD-555555555555}.Release|Any CPU.ActiveCfg = Release|Any CPU
		{A1B2C3D4-0000-0000-ABCD-555555555555}.Release|Any CPU.Build.0 = Release|Any CPU
		{A1B2C3D4-0000-0000-ABCD-555555555555}.Release|x64.ActiveCfg = Release|Any CPU
		{A1B2C3D4-0000-0000-ABCD-555555555555}.Release|x64.Build.0 = Release|Any CPU
		{A1B2C3D4-0000-0000-ABCD-555555555555}.Release|x86.ActiveCfg = Release|Any CPU
		{A1B2C3D4-0000-0000-ABCD-555555555555}.Release|x86.Build.0 = Release|Any CPU
		{A1B2C3D4-0000-0000-ABCD-666666666666}.Debug|Any CPU.ActiveCfg = Debug|Any CPU
		{A1B2C3D4-0000-0000-ABCD-666666666666}.Debug|Any CPU.Build.0 = Debug|Any CPU
		{A1B2C3D4-0000-0000-ABCD-666666666666}.Debug|x64.ActiveCfg = Debug|Any CPU
		{A1B2C3D4-0000-0000-ABCD-666666666666}.Debug|x64.Build.0 = Debug|Any CPU
		{A1B2C3D4-0000-0000-ABCD-666666666666}.Debug|x86.ActiveCfg = Debug|Any CPU
		{A1B2C3D4-0000-0000-ABCD-666666666666}.Debug|x86.Build.0 = Debug|Any CPU
		{A1B2C3D4-0000-0000-ABCD-666666666666}.Release|Any CPU.ActiveCfg = Release|Any CPU
		{A1B2C3D4-0000-0000-ABCD-666666666666}.Release|Any CPU.Build.0 = Release|Any CPU
		{A1B2C3D4-0000-0000-ABCD-666666666666}.Release|x64.ActiveCfg = Release|Any CPU
		{A1B2C3D4-0000-0000-ABCD-666666666666}.Release|x64.Build.0 = Release|Any CPU
		{A1B2C3D4-0000-0000-ABCD-666666666666}.Release|x86.ActiveCfg = Release|Any CPU
		{A1B2C3D4-0000-0000-ABCD-666666666666}.Release|x86.Build.0 = Release|Any CPU
		{A1B2C3D4-0000-0000-ABCD-777777777701}.Debug|Any CPU.ActiveCfg = Debug|Any CPU
		{A1B2C3D4-0000-0000-ABCD-777777777701}.Debug|Any CPU.Build.0 = Debug|Any CPU
		{A1B2C3D4-0000-0000-ABCD-777777777701}.Debug|x64.ActiveCfg = Debug|Any CPU
		{A1B2C3D4-0000-0000-ABCD-777777777701}.Debug|x64.Build.0 = Debug|Any CPU
		{A1B2C3D4-0000-0000-ABCD-777777777701}.Debug|x86.ActiveCfg = Debug|Any CPU
		{A1B2C3D4-0000-0000-ABCD-777777777701}.Debug|x86.Build.0 = Debug|Any CPU
		{A1B2C3D4-0000-0000-ABCD-777777777701}.Release|Any CPU.ActiveCfg = Release|Any CPU
		{A1B2C3D4-0000-0000-ABCD-777777777701}.Release|Any CPU.Build.0 = Release|Any CPU
		{A1B2C3D4-0000-0000-ABCD-777777777701}.Release|x64.ActiveCfg = Release|Any CPU
		{A1B2C3D4-0000-0000-ABCD-777777777701}.Release|x64.Build.0 = Release|Any CPU
		{A1B2C3D4-0000-0000-ABCD-777777777701}.Release|x86.ActiveCfg = Release|Any CPU
		{A1B2C3D4-0000-0000-ABCD-777777777701}.Release|x86.Build.0 = Release|Any CPU
		{A1B2C3D4-0000-0000-ABCD-777777777702}.Debug|Any CPU.ActiveCfg = Debug|Any CPU
		{A1B2C3D4-0000-0000-ABCD-777777777702}.Debug|Any CPU.Build.0 = Debug|Any CPU
		{A1B2C3D4-0000-0000-ABCD-777777777702}.Debug|x64.ActiveCfg = Debug|Any CPU
		{A1B2C3D4-0000-0000-ABCD-777777777702}.Debug|x64.Build.0 = Debug|Any CPU
		{A1B2C3D4-0000-0000-ABCD-777777777702}.Debug|x86.ActiveCfg = Debug|Any CPU
		{A1B2C3D4-0000-0000-ABCD-777777777702}.Debug|x86.Build.0 = Debug|Any CPU
		{A1B2C3D4-0000-0000-ABCD-777777777702}.Release|Any CPU.ActiveCfg = Release|Any CPU
		{A1B2C3D4-0000-0000-ABCD-777777777702}.Release|Any CPU.Build.0 = Release|Any CPU
		{A1B2C3D4-0000-0000-ABCD-777777777702}.Release|x64.ActiveCfg = Release|Any CPU
		{A1B2C3D4-0000-0000-ABCD-777777777702}.Release|x64.Build.0 = Release|Any CPU
		{A1B2C3D4-0000-0000-ABCD-777777777702}.Release|x86.ActiveCfg = Release|Any CPU
		{A1B2C3D4-0000-0000-ABCD-777777777702}.Release|x86.Build.0 = Release|Any CPU
		{A1B2C3D4-0000-0000-ABCD-777777777703}.Debug|Any CPU.ActiveCfg = Debug|Any CPU
		{A1B2C3D4-0000-0000-ABCD-777777777703}.Debug|Any CPU.Build.0 = Debug|Any CPU
		{A1B2C3D4-0000-0000-ABCD-777777777703}.Debug|x64.ActiveCfg = Debug|Any CPU
		{A1B2C3D4-0000-0000-ABCD-777777777703}.Debug|x64.Build.0 = Debug|Any CPU
		{A1B2C3D4-0000-0000-ABCD-777777777703}.Debug|x86.ActiveCfg = Debug|Any CPU
		{A1B2C3D4-0000-0000-ABCD-777777777703}.Debug|x86.Build.0 = Debug|Any CPU
		{A1B2C3D4-0000-0000-ABCD-777777777703}.Release|Any CPU.ActiveCfg = Release|Any CPU
		{A1B2C3D4-0000-0000-ABCD-777777777703}.Release|Any CPU.Build.0 = Release|Any CPU
		{A1B2C3D4-0000-0000-ABCD-777777777703}.Release|x64.ActiveCfg = Release|Any CPU
		{A1B2C3D4-0000-0000-ABCD-777777777703}.Release|x64.Build.0 = Release|Any CPU
		{A1B2C3D4-0000-0000-ABCD-777777777703}.Release|x86.ActiveCfg = Release|Any CPU
		{A1B2C3D4-0000-0000-ABCD-777777777703}.Release|x86.Build.0 = Release|Any CPU
		{A1B2C3D4-0000-0000-ABCD-777777777704}.Debug|Any CPU.ActiveCfg = Debug|Any CPU
		{A1B2C3D4-0000-0000-ABCD-777777777704}.Debug|Any CPU.Build.0 = Debug|Any CPU
		{A1B2C3D4-0000-0000-ABCD-777777777704}.Debug|x64.ActiveCfg = Debug|Any CPU
		{A1B2C3D4-0000-0000-ABCD-777777777704}.Debug|x64.Build.0 = Debug|Any CPU
		{A1B2C3D4-0000-0000-ABCD-777777777704}.Debug|x86.ActiveCfg = Debug|Any CPU
		{A1B2C3D4-0000-0000-ABCD-777777777704}.Debug|x86.Build.0 = Debug|Any CPU
		{A1B2C3D4-0000-0000-ABCD-777777777704}.Release|Any CPU.ActiveCfg = Release|Any CPU
		{A1B2C3D4-0000-0000-ABCD-777777777704}.Release|Any CPU.Build.0 = Release|Any CPU
		{A1B2C3D4-0000-0000-ABCD-777777777704}.Release|x64.ActiveCfg = Release|Any CPU
		{A1B2C3D4-0000-0000-ABCD-777777777704}.Release|x64.Build.0 = Release|Any CPU
		{A1B2C3D4-0000-0000-ABCD-777777777704}.Release|x86.ActiveCfg = Release|Any CPU
		{A1B2C3D4-0000-0000-ABCD-777777777704}.Release|x86.Build.0 = Release|Any CPU
		{A1B2C3D4-0000-0000-ABCD-888888888801}.Debug|Any CPU.ActiveCfg = Debug|Any CPU
		{A1B2C3D4-0000-0000-ABCD-888888888801}.Debug|Any CPU.Build.0 = Debug|Any CPU
		{A1B2C3D4-0000-0000-ABCD-888888888801}.Debug|x64.ActiveCfg = Debug|Any CPU
		{A1B2C3D4-0000-0000-ABCD-888888888801}.Debug|x64.Build.0 = Debug|Any CPU
		{A1B2C3D4-0000-0000-ABCD-888888888801}.Debug|x86.ActiveCfg = Debug|Any CPU
		{A1B2C3D4-0000-0000-ABCD-888888888801}.Debug|x86.Build.0 = Debug|Any CPU
		{A1B2C3D4-0000-0000-ABCD-888888888801}.Release|Any CPU.ActiveCfg = Release|Any CPU
		{A1B2C3D4-0000-0000-ABCD-888888888801}.Release|Any CPU.Build.0 = Release|Any CPU
		{A1B2C3D4-0000-0000-ABCD-888888888801}.Release|x64.ActiveCfg = Release|Any CPU
		{A1B2C3D4-0000-0000-ABCD-888888888801}.Release|x64.Build.0 = Release|Any CPU
		{A1B2C3D4-0000-0000-ABCD-888888888801}.Release|x86.ActiveCfg = Release|Any CPU
		{A1B2C3D4-0000-0000-ABCD-888888888801}.Release|x86.Build.0 = Release|Any CPU
		{A1B2C3D4-0000-0000-ABCD-888888888802}.Debug|Any CPU.ActiveCfg = Debug|Any CPU
		{A1B2C3D4-0000-0000-ABCD-888888888802}.Debug|Any CPU.Build.0 = Debug|Any CPU
		{A1B2C3D4-0000-0000-ABCD-888888888802}.Debug|x64.ActiveCfg = Debug|Any CPU
		{A1B2C3D4-0000-0000-ABCD-888888888802}.Debug|x64.Build.0 = Debug|Any CPU
		{A1B2C3D4-0000-0000-ABCD-888888888802}.Debug|x86.ActiveCfg = Debug|Any CPU
		{A1B2C3D4-0000-0000-ABCD-888888888802}.Debug|x86.Build.0 = Debug|Any CPU
		{A1B2C3D4-0000-0000-ABCD-888888888802}.Release|Any CPU.ActiveCfg = Release|Any CPU
		{A1B2C3D4-0000-0000-ABCD-888888888802}.Release|Any CPU.Build.0 = Release|Any CPU
		{A1B2C3D4-0000-0000-ABCD-888888888802}.Release|x64.ActiveCfg = Release|Any CPU
		{A1B2C3D4-0000-0000-ABCD-888888888802}.Release|x64.Build.0 = Release|Any CPU
		{A1B2C3D4-0000-0000-ABCD-888888888802}.Release|x86.ActiveCfg = Release|Any CPU
		{A1B2C3D4-0000-0000-ABCD-888888888802}.Release|x86.Build.0 = Release|Any CPU
		{A1B2C3D4-0000-0000-ABCD-888888888803}.Debug|Any CPU.ActiveCfg = Debug|Any CPU
		{A1B2C3D4-0000-0000-ABCD-888888888803}.Debug|Any CPU.Build.0 = Debug|Any CPU
		{A1B2C3D4-0000-0000-ABCD-888888888803}.Debug|x64.ActiveCfg = Debug|Any CPU
		{A1B2C3D4-0000-0000-ABCD-888888888803}.Debug|x64.Build.0 = Debug|Any CPU
		{A1B2C3D4-0000-0000-ABCD-888888888803}.Debug|x86.ActiveCfg = Debug|Any CPU
		{A1B2C3D4-0000-0000-ABCD-888888888803}.Debug|x86.Build.0 = Debug|Any CPU
		{A1B2C3D4-0000-0000-ABCD-888888888803}.Release|Any CPU.ActiveCfg = Release|Any CPU
		{A1B2C3D4-0000-0000-ABCD-888888888803}.Release|Any CPU.Build.0 = Release|Any CPU
		{A1B2C3D4-0000-0000-ABCD-888888888803}.Release|x64.ActiveCfg = Release|Any CPU
		{A1B2C3D4-0000-0000-ABCD-888888888803}.Release|x64.Build.0 = Release|Any CPU
		{A1B2C3D4-0000-0000-ABCD-888888888803}.Release|x86.ActiveCfg = Release|Any CPU
		{A1B2C3D4-0000-0000-ABCD-888888888803}.Release|x86.Build.0 = Release|Any CPU
		{A1B2C3D4-0000-0000-ABCD-888888888804}.Debug|Any CPU.ActiveCfg = Debug|Any CPU
		{A1B2C3D4-0000-0000-ABCD-888888888804}.Debug|Any CPU.Build.0 = Debug|Any CPU
		{A1B2C3D4-0000-0000-ABCD-888888888804}.Debug|x64.ActiveCfg = Debug|Any CPU
		{A1B2C3D4-0000-0000-ABCD-888888888804}.Debug|x64.Build.0 = Debug|Any CPU
		{A1B2C3D4-0000-0000-ABCD-888888888804}.Debug|x86.ActiveCfg = Debug|Any CPU
		{A1B2C3D4-0000-0000-ABCD-888888888804}.Debug|x86.Build.0 = Debug|Any CPU
		{A1B2C3D4-0000-0000-ABCD-888888888804}.Release|Any CPU.ActiveCfg = Release|Any CPU
		{A1B2C3D4-0000-0000-ABCD-888888888804}.Release|Any CPU.Build.0 = Release|Any CPU
		{A1B2C3D4-0000-0000-ABCD-888888888804}.Release|x64.ActiveCfg = Release|Any CPU
		{A1B2C3D4-0000-0000-ABCD-888888888804}.Release|x64.Build.0 = Release|Any CPU
		{A1B2C3D4-0000-0000-ABCD-888888888804}.Release|x86.ActiveCfg = Release|Any CPU
		{A1B2C3D4-0000-0000-ABCD-888888888804}.Release|x86.Build.0 = Release|Any CPU
		{A1B2C3D4-0000-0000-ABCD-888888888805}.Debug|Any CPU.ActiveCfg = Debug|Any CPU
		{A1B2C3D4-0000-0000-ABCD-888888888805}.Debug|Any CPU.Build.0 = Debug|Any CPU
		{A1B2C3D4-0000-0000-ABCD-888888888805}.Debug|x64.ActiveCfg = Debug|Any CPU
		{A1B2C3D4-0000-0000-ABCD-888888888805}.Debug|x64.Build.0 = Debug|Any CPU
		{A1B2C3D4-0000-0000-ABCD-888888888805}.Debug|x86.ActiveCfg = Debug|Any CPU
		{A1B2C3D4-0000-0000-ABCD-888888888805}.Debug|x86.Build.0 = Debug|Any CPU
		{A1B2C3D4-0000-0000-ABCD-888888888805}.Release|Any CPU.ActiveCfg = Release|Any CPU
		{A1B2C3D4-0000-0000-ABCD-888888888805}.Release|Any CPU.Build.0 = Release|Any CPU
		{A1B2C3D4-0000-0000-ABCD-888888888805}.Release|x64.ActiveCfg = Release|Any CPU
		{A1B2C3D4-0000-0000-ABCD-888888888805}.Release|x64.Build.0 = Release|Any CPU
		{A1B2C3D4-0000-0000-ABCD-888888888805}.Release|x86.ActiveCfg = Release|Any CPU
		{A1B2C3D4-0000-0000-ABCD-888888888805}.Release|x86.Build.0 = Release|Any CPU
		{A1B2C3D4-0000-0000-ABCD-888888888806}.Debug|Any CPU.ActiveCfg = Debug|Any CPU
		{A1B2C3D4-0000-0000-ABCD-888888888806}.Debug|Any CPU.Build.0 = Debug|Any CPU
		{A1B2C3D4-0000-0000-ABCD-888888888806}.Debug|x64.ActiveCfg = Debug|Any CPU
		{A1B2C3D4-0000-0000-ABCD-888888888806}.Debug|x64.Build.0 = Debug|Any CPU
		{A1B2C3D4-0000-0000-ABCD-888888888806}.Debug|x86.ActiveCfg = Debug|Any CPU
		{A1B2C3D4-0000-0000-ABCD-888888888806}.Debug|x86.Build.0 = Debug|Any CPU
		{A1B2C3D4-0000-0000-ABCD-888888888806}.Release|Any CPU.ActiveCfg = Release|Any CPU
		{A1B2C3D4-0000-0000-ABCD-888888888806}.Release|Any CPU.Build.0 = Release|Any CPU
		{A1B2C3D4-0000-0000-ABCD-888888888806}.Release|x64.ActiveCfg = Release|Any CPU
		{A1B2C3D4-0000-0000-ABCD-888888888806}.Release|x64.Build.0 = Release|Any CPU
		{A1B2C3D4-0000-0000-ABCD-888888888806}.Release|x86.ActiveCfg = Release|Any CPU
		{A1B2C3D4-0000-0000-ABCD-888888888806}.Release|x86.Build.0 = Release|Any CPU
		{A1B2C3D4-0000-0000-ABCD-999999999901}.Debug|Any CPU.ActiveCfg = Debug|Any CPU
		{A1B2C3D4-0000-0000-ABCD-999999999901}.Debug|Any CPU.Build.0 = Debug|Any CPU
		{A1B2C3D4-0000-0000-ABCD-999999999901}.Debug|x64.ActiveCfg = Debug|Any CPU
		{A1B2C3D4-0000-0000-ABCD-999999999901}.Debug|x64.Build.0 = Debug|Any CPU
		{A1B2C3D4-0000-0000-ABCD-999999999901}.Debug|x86.ActiveCfg = Debug|Any CPU
		{A1B2C3D4-0000-0000-ABCD-999999999901}.Debug|x86.Build.0 = Debug|Any CPU
		{A1B2C3D4-0000-0000-ABCD-999999999901}.Release|Any CPU.ActiveCfg = Release|Any CPU
		{A1B2C3D4-0000-0000-ABCD-999999999901}.Release|Any CPU.Build.0 = Release|Any CPU
		{A1B2C3D4-0000-0000-ABCD-999999999901}.Release|x64.ActiveCfg = Release|Any CPU
		{A1B2C3D4-0000-0000-ABCD-999999999901}.Release|x64.Build.0 = Release|Any CPU
		{A1B2C3D4-0000-0000-ABCD-999999999901}.Release|x86.ActiveCfg = Release|Any CPU
		{A1B2C3D4-0000-0000-ABCD-999999999901}.Release|x86.Build.0 = Release|Any CPU
		{A1B2C3D4-0000-0000-ABCD-999999999902}.Debug|Any CPU.ActiveCfg = Debug|Any CPU
		{A1B2C3D4-0000-0000-ABCD-999999999902}.Debug|Any CPU.Build.0 = Debug|Any CPU
		{A1B2C3D4-0000-0000-ABCD-999999999902}.Debug|x64.ActiveCfg = Debug|Any CPU
		{A1B2C3D4-0000-0000-ABCD-999999999902}.Debug|x64.Build.0 = Debug|Any CPU
		{A1B2C3D4-0000-0000-ABCD-999999999902}.Debug|x86.ActiveCfg = Debug|Any CPU
		{A1B2C3D4-0000-0000-ABCD-999999999902}.Debug|x86.Build.0 = Debug|Any CPU
		{A1B2C3D4-0000-0000-ABCD-999999999902}.Release|Any CPU.ActiveCfg = Release|Any CPU
		{A1B2C3D4-0000-0000-ABCD-999999999902}.Release|Any CPU.Build.0 = Release|Any CPU
		{A1B2C3D4-0000-0000-ABCD-999999999902}.Release|x64.ActiveCfg = Release|Any CPU
		{A1B2C3D4-0000-0000-ABCD-999999999902}.Release|x64.Build.0 = Release|Any CPU
		{A1B2C3D4-0000-0000-ABCD-999999999902}.Release|x86.ActiveCfg = Release|Any CPU
		{A1B2C3D4-0000-0000-ABCD-999999999902}.Release|x86.Build.0 = Release|Any CPU
		{A1B2C3D4-0000-0000-ABCD-000000000001}.Debug|Any CPU.ActiveCfg = Debug|Any CPU
		{A1B2C3D4-0000-0000-ABCD-000000000001}.Debug|Any CPU.Build.0 = Debug|Any CPU
		{A1B2C3D4-0000-0000-ABCD-000000000001}.Debug|x64.ActiveCfg = Debug|Any CPU
		{A1B2C3D4-0000-0000-ABCD-000000000001}.Debug|x64.Build.0 = Debug|Any CPU
		{A1B2C3D4-0000-0000-ABCD-000000000001}.Debug|x86.ActiveCfg = Debug|Any CPU
		{A1B2C3D4-0000-0000-ABCD-000000000001}.Debug|x86.Build.0 = Debug|Any CPU
		{A1B2C3D4-0000-0000-ABCD-000000000001}.Release|Any CPU.ActiveCfg = Release|Any CPU
		{A1B2C3D4-0000-0000-ABCD-000000000001}.Release|Any CPU.Build.0 = Release|Any CPU
		{A1B2C3D4-0000-0000-ABCD-000000000001}.Release|x64.ActiveCfg = Release|Any CPU
		{A1B2C3D4-0000-0000-ABCD-000000000001}.Release|x64.Build.0 = Release|Any CPU
		{A1B2C3D4-0000-0000-ABCD-000000000001}.Release|x86.ActiveCfg = Release|Any CPU
		{A1B2C3D4-0000-0000-ABCD-000000000001}.Release|x86.Build.0 = Release|Any CPU
		{A1B2C3D4-0000-0000-ABCD-000000000002}.Debug|Any CPU.ActiveCfg = Debug|Any CPU
		{A1B2C3D4-0000-0000-ABCD-000000000002}.Debug|Any CPU.Build.0 = Debug|Any CPU
		{A1B2C3D4-0000-0000-ABCD-000000000002}.Debug|x64.ActiveCfg = Debug|Any CPU
		{A1B2C3D4-0000-0000-ABCD-000000000002}.Debug|x64.Build.0 = Debug|Any CPU
		{A1B2C3D4-0000-0000-ABCD-000000000002}.Debug|x86.ActiveCfg = Debug|Any CPU
		{A1B2C3D4-0000-0000-ABCD-000000000002}.Debug|x86.Build.0 = Debug|Any CPU
		{A1B2C3D4-0000-0000-ABCD-000000000002}.Release|Any CPU.ActiveCfg = Release|Any CPU
		{A1B2C3D4-0000-0000-ABCD-000000000002}.Release|Any CPU.Build.0 = Release|Any CPU
		{A1B2C3D4-0000-0000-ABCD-000000000002}.Release|x64.ActiveCfg = Release|Any CPU
		{A1B2C3D4-0000-0000-ABCD-000000000002}.Release|x64.Build.0 = Release|Any CPU
		{A1B2C3D4-0000-0000-ABCD-000000000002}.Release|x86.ActiveCfg = Release|Any CPU
		{A1B2C3D4-0000-0000-ABCD-000000000002}.Release|x86.Build.0 = Release|Any CPU
		{A1B2C3D4-0000-0000-ABCD-000000000003}.Debug|Any CPU.ActiveCfg = Debug|Any CPU
		{A1B2C3D4-0000-0000-ABCD-000000000003}.Debug|Any CPU.Build.0 = Debug|Any CPU
		{A1B2C3D4-0000-0000-ABCD-000000000003}.Debug|x64.ActiveCfg = Debug|Any CPU
		{A1B2C3D4-0000-0000-ABCD-000000000003}.Debug|x64.Build.0 = Debug|Any CPU
		{A1B2C3D4-0000-0000-ABCD-000000000003}.Debug|x86.ActiveCfg = Debug|Any CPU
		{A1B2C3D4-0000-0000-ABCD-000000000003}.Debug|x86.Build.0 = Debug|Any CPU
		{A1B2C3D4-0000-0000-ABCD-000000000003}.Release|Any CPU.ActiveCfg = Release|Any CPU
		{A1B2C3D4-0000-0000-ABCD-000000000003}.Release|Any CPU.Build.0 = Release|Any CPU
		{A1B2C3D4-0000-0000-ABCD-000000000003}.Release|x64.ActiveCfg = Release|Any CPU
		{A1B2C3D4-0000-0000-ABCD-000000000003}.Release|x64.Build.0 = Release|Any CPU
		{A1B2C3D4-0000-0000-ABCD-000000000003}.Release|x86.ActiveCfg = Release|Any CPU
		{A1B2C3D4-0000-0000-ABCD-000000000003}.Release|x86.Build.0 = Release|Any CPU
		{A1B2C3D4-0000-0000-ABCD-000000000004}.Debug|Any CPU.ActiveCfg = Debug|Any CPU
		{A1B2C3D4-0000-0000-ABCD-000000000004}.Debug|Any CPU.Build.0 = Debug|Any CPU
		{A1B2C3D4-0000-0000-ABCD-000000000004}.Debug|x64.ActiveCfg = Debug|Any CPU
		{A1B2C3D4-0000-0000-ABCD-000000000004}.Debug|x64.Build.0 = Debug|Any CPU
		{A1B2C3D4-0000-0000-ABCD-000000000004}.Debug|x86.ActiveCfg = Debug|Any CPU
		{A1B2C3D4-0000-0000-ABCD-000000000004}.Debug|x86.Build.0 = Debug|Any CPU
		{A1B2C3D4-0000-0000-ABCD-000000000004}.Release|Any CPU.ActiveCfg = Release|Any CPU
		{A1B2C3D4-0000-0000-ABCD-000000000004}.Release|Any CPU.Build.0 = Release|Any CPU
		{A1B2C3D4-0000-0000-ABCD-000000000004}.Release|x64.ActiveCfg = Release|Any CPU
		{A1B2C3D4-0000-0000-ABCD-000000000004}.Release|x64.Build.0 = Release|Any CPU
		{A1B2C3D4-0000-0000-ABCD-000000000004}.Release|x86.ActiveCfg = Release|Any CPU
		{A1B2C3D4-0000-0000-ABCD-000000000004}.Release|x86.Build.0 = Release|Any CPU
		{A1B2C3D4-0000-0000-ABCD-000000000005}.Debug|Any CPU.ActiveCfg = Debug|Any CPU
		{A1B2C3D4-0000-0000-ABCD-000000000005}.Debug|Any CPU.Build.0 = Debug|Any CPU
		{A1B2C3D4-0000-0000-ABCD-000000000005}.Debug|x64.ActiveCfg = Debug|Any CPU
		{A1B2C3D4-0000-0000-ABCD-000000000005}.Debug|x64.Build.0 = Debug|Any CPU
		{A1B2C3D4-0000-0000-ABCD-000000000005}.Debug|x86.ActiveCfg = Debug|Any CPU
		{A1B2C3D4-0000-0000-ABCD-000000000005}.Debug|x86.Build.0 = Debug|Any CPU
		{A1B2C3D4-0000-0000-ABCD-000000000005}.Release|Any CPU.ActiveCfg = Release|Any CPU
		{A1B2C3D4-0000-0000-ABCD-000000000005}.Release|Any CPU.Build.0 = Release|Any CPU
		{A1B2C3D4-0000-0000-ABCD-000000000005}.Release|x64.ActiveCfg = Release|Any CPU
		{A1B2C3D4-0000-0000-ABCD-000000000005}.Release|x64.Build.0 = Release|Any CPU
		{A1B2C3D4-0000-0000-ABCD-000000000005}.Release|x86.ActiveCfg = Release|Any CPU
		{A1B2C3D4-0000-0000-ABCD-000000000005}.Release|x86.Build.0 = Release|Any CPU
		{A1B2C3D4-0000-0000-ABCD-000000000006}.Debug|Any CPU.ActiveCfg = Debug|Any CPU
		{A1B2C3D4-0000-0000-ABCD-000000000006}.Debug|Any CPU.Build.0 = Debug|Any CPU
		{A1B2C3D4-0000-0000-ABCD-000000000006}.Debug|x64.ActiveCfg = Debug|Any CPU
		{A1B2C3D4-0000-0000-ABCD-000000000006}.Debug|x64.Build.0 = Debug|Any CPU
		{A1B2C3D4-0000-0000-ABCD-000000000006}.Debug|x86.ActiveCfg = Debug|Any CPU
		{A1B2C3D4-0000-0000-ABCD-000000000006}.Debug|x86.Build.0 = Debug|Any CPU
		{A1B2C3D4-0000-0000-ABCD-000000000006}.Release|Any CPU.ActiveCfg = Release|Any CPU
		{A1B2C3D4-0000-0000-ABCD-000000000006}.Release|Any CPU.Build.0 = Release|Any CPU
		{A1B2C3D4-0000-0000-ABCD-000000000006}.Release|x64.ActiveCfg = Release|Any CPU
		{A1B2C3D4-0000-0000-ABCD-000000000006}.Release|x64.Build.0 = Release|Any CPU
		{A1B2C3D4-0000-0000-ABCD-000000000006}.Release|x86.ActiveCfg = Release|Any CPU
		{A1B2C3D4-0000-0000-ABCD-000000000006}.Release|x86.Build.0 = Release|Any CPU
		{A1B2C3D4-0000-0000-ABCD-000000000007}.Debug|Any CPU.ActiveCfg = Debug|Any CPU
		{A1B2C3D4-0000-0000-ABCD-000000000007}.Debug|Any CPU.Build.0 = Debug|Any CPU
		{A1B2C3D4-0000-0000-ABCD-000000000007}.Debug|x64.ActiveCfg = Debug|Any CPU
		{A1B2C3D4-0000-0000-ABCD-000000000007}.Debug|x64.Build.0 = Debug|Any CPU
		{A1B2C3D4-0000-0000-ABCD-000000000007}.Debug|x86.ActiveCfg = Debug|Any CPU
		{A1B2C3D4-0000-0000-ABCD-000000000007}.Debug|x86.Build.0 = Debug|Any CPU
		{A1B2C3D4-0000-0000-ABCD-000000000007}.Release|Any CPU.ActiveCfg = Release|Any CPU
		{A1B2C3D4-0000-0000-ABCD-000000000007}.Release|Any CPU.Build.0 = Release|Any CPU
		{A1B2C3D4-0000-0000-ABCD-000000000007}.Release|x64.ActiveCfg = Release|Any CPU
		{A1B2C3D4-0000-0000-ABCD-000000000007}.Release|x64.Build.0 = Release|Any CPU
		{A1B2C3D4-0000-0000-ABCD-000000000007}.Release|x86.ActiveCfg = Release|Any CPU
		{A1B2C3D4-0000-0000-ABCD-000000000007}.Release|x86.Build.0 = Release|Any CPU
		{A1B2C3D4-0000-0000-ABCD-030100000001}.Debug|Any CPU.ActiveCfg = Debug|Any CPU
		{A1B2C3D4-0000-0000-ABCD-030100000001}.Debug|Any CPU.Build.0 = Debug|Any CPU
		{A1B2C3D4-0000-0000-ABCD-030100000001}.Debug|x64.ActiveCfg = Debug|Any CPU
		{A1B2C3D4-0000-0000-ABCD-030100000001}.Debug|x64.Build.0 = Debug|Any CPU
		{A1B2C3D4-0000-0000-ABCD-030100000001}.Debug|x86.ActiveCfg = Debug|Any CPU
		{A1B2C3D4-0000-0000-ABCD-030100000001}.Debug|x86.Build.0 = Debug|Any CPU
		{A1B2C3D4-0000-0000-ABCD-030100000001}.Release|Any CPU.ActiveCfg = Release|Any CPU
		{A1B2C3D4-0000-0000-ABCD-030100000001}.Release|Any CPU.Build.0 = Release|Any CPU
		{A1B2C3D4-0000-0000-ABCD-030100000001}.Release|x64.ActiveCfg = Release|Any CPU
		{A1B2C3D4-0000-0000-ABCD-030100000001}.Release|x64.Build.0 = Release|Any CPU
		{A1B2C3D4-0000-0000-ABCD-030100000001}.Release|x86.ActiveCfg = Release|Any CPU
		{A1B2C3D4-0000-0000-ABCD-030100000001}.Release|x86.Build.0 = Release|Any CPU
		{A1B2C3D4-0000-0000-ABCD-030100000002}.Debug|Any CPU.ActiveCfg = Debug|Any CPU
		{A1B2C3D4-0000-0000-ABCD-030100000002}.Debug|Any CPU.Build.0 = Debug|Any CPU
		{A1B2C3D4-0000-0000-ABCD-030100000002}.Debug|x64.ActiveCfg = Debug|Any CPU
		{A1B2C3D4-0000-0000-ABCD-030100000002}.Debug|x64.Build.0 = Debug|Any CPU
		{A1B2C3D4-0000-0000-ABCD-030100000002}.Debug|x86.ActiveCfg = Debug|Any CPU
		{A1B2C3D4-0000-0000-ABCD-030100000002}.Debug|x86.Build.0 = Debug|Any CPU
		{A1B2C3D4-0000-0000-ABCD-030100000002}.Release|Any CPU.ActiveCfg = Release|Any CPU
		{A1B2C3D4-0000-0000-ABCD-030100000002}.Release|Any CPU.Build.0 = Release|Any CPU
		{A1B2C3D4-0000-0000-ABCD-030100000002}.Release|x64.ActiveCfg = Release|Any CPU
		{A1B2C3D4-0000-0000-ABCD-030100000002}.Release|x64.Build.0 = Release|Any CPU
		{A1B2C3D4-0000-0000-ABCD-030100000002}.Release|x86.ActiveCfg = Release|Any CPU
		{A1B2C3D4-0000-0000-ABCD-030100000002}.Release|x86.Build.0 = Release|Any CPU
		{50C9D34D-BD10-4C1C-AD9A-2C8639CFA63F}.Debug|Any CPU.ActiveCfg = Debug|Any CPU
		{50C9D34D-BD10-4C1C-AD9A-2C8639CFA63F}.Debug|Any CPU.Build.0 = Debug|Any CPU
		{50C9D34D-BD10-4C1C-AD9A-2C8639CFA63F}.Debug|x64.ActiveCfg = Debug|Any CPU
		{50C9D34D-BD10-4C1C-AD9A-2C8639CFA63F}.Debug|x64.Build.0 = Debug|Any CPU
		{50C9D34D-BD10-4C1C-AD9A-2C8639CFA63F}.Debug|x86.ActiveCfg = Debug|Any CPU
		{50C9D34D-BD10-4C1C-AD9A-2C8639CFA63F}.Debug|x86.Build.0 = Debug|Any CPU
		{50C9D34D-BD10-4C1C-AD9A-2C8639CFA63F}.Release|Any CPU.ActiveCfg = Release|Any CPU
		{50C9D34D-BD10-4C1C-AD9A-2C8639CFA63F}.Release|Any CPU.Build.0 = Release|Any CPU
		{50C9D34D-BD10-4C1C-AD9A-2C8639CFA63F}.Release|x64.ActiveCfg = Release|Any CPU
		{50C9D34D-BD10-4C1C-AD9A-2C8639CFA63F}.Release|x64.Build.0 = Release|Any CPU
		{50C9D34D-BD10-4C1C-AD9A-2C8639CFA63F}.Release|x86.ActiveCfg = Release|Any CPU
		{50C9D34D-BD10-4C1C-AD9A-2C8639CFA63F}.Release|x86.Build.0 = Release|Any CPU
		{3D768699-8C71-4384-AA6B-7DCF1B942E46}.Debug|Any CPU.ActiveCfg = Debug|Any CPU
		{3D768699-8C71-4384-AA6B-7DCF1B942E46}.Debug|Any CPU.Build.0 = Debug|Any CPU
		{3D768699-8C71-4384-AA6B-7DCF1B942E46}.Debug|x64.ActiveCfg = Debug|Any CPU
		{3D768699-8C71-4384-AA6B-7DCF1B942E46}.Debug|x64.Build.0 = Debug|Any CPU
		{3D768699-8C71-4384-AA6B-7DCF1B942E46}.Debug|x86.ActiveCfg = Debug|Any CPU
		{3D768699-8C71-4384-AA6B-7DCF1B942E46}.Debug|x86.Build.0 = Debug|Any CPU
		{3D768699-8C71-4384-AA6B-7DCF1B942E46}.Release|Any CPU.ActiveCfg = Release|Any CPU
		{3D768699-8C71-4384-AA6B-7DCF1B942E46}.Release|Any CPU.Build.0 = Release|Any CPU
		{3D768699-8C71-4384-AA6B-7DCF1B942E46}.Release|x64.ActiveCfg = Release|Any CPU
		{3D768699-8C71-4384-AA6B-7DCF1B942E46}.Release|x64.Build.0 = Release|Any CPU
		{3D768699-8C71-4384-AA6B-7DCF1B942E46}.Release|x86.ActiveCfg = Release|Any CPU
		{3D768699-8C71-4384-AA6B-7DCF1B942E46}.Release|x86.Build.0 = Release|Any CPU
		{38777AFB-1CBB-B71C-124A-33B78D2D2CCC}.Debug|Any CPU.ActiveCfg = Debug|Any CPU
		{38777AFB-1CBB-B71C-124A-33B78D2D2CCC}.Debug|Any CPU.Build.0 = Debug|Any CPU
		{38777AFB-1CBB-B71C-124A-33B78D2D2CCC}.Debug|x64.ActiveCfg = Debug|Any CPU
		{38777AFB-1CBB-B71C-124A-33B78D2D2CCC}.Debug|x64.Build.0 = Debug|Any CPU
		{38777AFB-1CBB-B71C-124A-33B78D2D2CCC}.Debug|x86.ActiveCfg = Debug|Any CPU
		{38777AFB-1CBB-B71C-124A-33B78D2D2CCC}.Debug|x86.Build.0 = Debug|Any CPU
		{38777AFB-1CBB-B71C-124A-33B78D2D2CCC}.Release|Any CPU.ActiveCfg = Release|Any CPU
		{38777AFB-1CBB-B71C-124A-33B78D2D2CCC}.Release|Any CPU.Build.0 = Release|Any CPU
		{38777AFB-1CBB-B71C-124A-33B78D2D2CCC}.Release|x64.ActiveCfg = Release|Any CPU
		{38777AFB-1CBB-B71C-124A-33B78D2D2CCC}.Release|x64.Build.0 = Release|Any CPU
		{38777AFB-1CBB-B71C-124A-33B78D2D2CCC}.Release|x86.ActiveCfg = Release|Any CPU
		{38777AFB-1CBB-B71C-124A-33B78D2D2CCC}.Release|x86.Build.0 = Release|Any CPU
		{239F1F64-7234-4611-9B6B-5A88D240727E}.Debug|Any CPU.ActiveCfg = Debug|Any CPU
		{239F1F64-7234-4611-9B6B-5A88D240727E}.Debug|Any CPU.Build.0 = Debug|Any CPU
		{239F1F64-7234-4611-9B6B-5A88D240727E}.Debug|x64.ActiveCfg = Debug|Any CPU
		{239F1F64-7234-4611-9B6B-5A88D240727E}.Debug|x64.Build.0 = Debug|Any CPU
		{239F1F64-7234-4611-9B6B-5A88D240727E}.Debug|x86.ActiveCfg = Debug|Any CPU
		{239F1F64-7234-4611-9B6B-5A88D240727E}.Debug|x86.Build.0 = Debug|Any CPU
		{239F1F64-7234-4611-9B6B-5A88D240727E}.Release|Any CPU.ActiveCfg = Release|Any CPU
		{239F1F64-7234-4611-9B6B-5A88D240727E}.Release|Any CPU.Build.0 = Release|Any CPU
		{239F1F64-7234-4611-9B6B-5A88D240727E}.Release|x64.ActiveCfg = Release|Any CPU
		{239F1F64-7234-4611-9B6B-5A88D240727E}.Release|x64.Build.0 = Release|Any CPU
		{239F1F64-7234-4611-9B6B-5A88D240727E}.Release|x86.ActiveCfg = Release|Any CPU
		{239F1F64-7234-4611-9B6B-5A88D240727E}.Release|x86.Build.0 = Release|Any CPU
		{A1B2C3D4-0000-0000-ABCD-030300000001}.Debug|Any CPU.ActiveCfg = Debug|Any CPU
		{A1B2C3D4-0000-0000-ABCD-030300000001}.Debug|Any CPU.Build.0 = Debug|Any CPU
		{A1B2C3D4-0000-0000-ABCD-030300000001}.Debug|x64.ActiveCfg = Debug|Any CPU
		{A1B2C3D4-0000-0000-ABCD-030300000001}.Debug|x64.Build.0 = Debug|Any CPU
		{A1B2C3D4-0000-0000-ABCD-030300000001}.Debug|x86.ActiveCfg = Debug|Any CPU
		{A1B2C3D4-0000-0000-ABCD-030300000001}.Debug|x86.Build.0 = Debug|Any CPU
		{A1B2C3D4-0000-0000-ABCD-030300000001}.Release|Any CPU.ActiveCfg = Release|Any CPU
		{A1B2C3D4-0000-0000-ABCD-030300000001}.Release|Any CPU.Build.0 = Release|Any CPU
		{A1B2C3D4-0000-0000-ABCD-030300000001}.Release|x64.ActiveCfg = Release|Any CPU
		{A1B2C3D4-0000-0000-ABCD-030300000001}.Release|x64.Build.0 = Release|Any CPU
		{A1B2C3D4-0000-0000-ABCD-030300000001}.Release|x86.ActiveCfg = Release|Any CPU
		{A1B2C3D4-0000-0000-ABCD-030300000001}.Release|x86.Build.0 = Release|Any CPU
		{AD78F9C4-4330-477D-B419-35AB0871634A}.Debug|Any CPU.ActiveCfg = Debug|Any CPU
		{AD78F9C4-4330-477D-B419-35AB0871634A}.Debug|Any CPU.Build.0 = Debug|Any CPU
		{AD78F9C4-4330-477D-B419-35AB0871634A}.Debug|x64.ActiveCfg = Debug|Any CPU
		{AD78F9C4-4330-477D-B419-35AB0871634A}.Debug|x64.Build.0 = Debug|Any CPU
		{AD78F9C4-4330-477D-B419-35AB0871634A}.Debug|x86.ActiveCfg = Debug|Any CPU
		{AD78F9C4-4330-477D-B419-35AB0871634A}.Debug|x86.Build.0 = Debug|Any CPU
		{AD78F9C4-4330-477D-B419-35AB0871634A}.Release|Any CPU.ActiveCfg = Release|Any CPU
		{AD78F9C4-4330-477D-B419-35AB0871634A}.Release|Any CPU.Build.0 = Release|Any CPU
		{AD78F9C4-4330-477D-B419-35AB0871634A}.Release|x64.ActiveCfg = Release|Any CPU
		{AD78F9C4-4330-477D-B419-35AB0871634A}.Release|x64.Build.0 = Release|Any CPU
		{AD78F9C4-4330-477D-B419-35AB0871634A}.Release|x86.ActiveCfg = Release|Any CPU
		{AD78F9C4-4330-477D-B419-35AB0871634A}.Release|x86.Build.0 = Release|Any CPU
		{F0552DBC-A608-4AC0-B3F3-641CDBB955B7}.Debug|Any CPU.ActiveCfg = Debug|Any CPU
		{F0552DBC-A608-4AC0-B3F3-641CDBB955B7}.Debug|Any CPU.Build.0 = Debug|Any CPU
		{F0552DBC-A608-4AC0-B3F3-641CDBB955B7}.Debug|x64.ActiveCfg = Debug|Any CPU
		{F0552DBC-A608-4AC0-B3F3-641CDBB955B7}.Debug|x64.Build.0 = Debug|Any CPU
		{F0552DBC-A608-4AC0-B3F3-641CDBB955B7}.Debug|x86.ActiveCfg = Debug|Any CPU
		{F0552DBC-A608-4AC0-B3F3-641CDBB955B7}.Debug|x86.Build.0 = Debug|Any CPU
		{F0552DBC-A608-4AC0-B3F3-641CDBB955B7}.Release|Any CPU.ActiveCfg = Release|Any CPU
		{F0552DBC-A608-4AC0-B3F3-641CDBB955B7}.Release|Any CPU.Build.0 = Release|Any CPU
		{F0552DBC-A608-4AC0-B3F3-641CDBB955B7}.Release|x64.ActiveCfg = Release|Any CPU
		{F0552DBC-A608-4AC0-B3F3-641CDBB955B7}.Release|x64.Build.0 = Release|Any CPU
		{F0552DBC-A608-4AC0-B3F3-641CDBB955B7}.Release|x86.ActiveCfg = Release|Any CPU
		{F0552DBC-A608-4AC0-B3F3-641CDBB955B7}.Release|x86.Build.0 = Release|Any CPU
		{108AE88B-E60E-4DCB-B73B-35D7FE356D49}.Debug|Any CPU.ActiveCfg = Debug|Any CPU
		{108AE88B-E60E-4DCB-B73B-35D7FE356D49}.Debug|Any CPU.Build.0 = Debug|Any CPU
		{108AE88B-E60E-4DCB-B73B-35D7FE356D49}.Debug|x64.ActiveCfg = Debug|Any CPU
		{108AE88B-E60E-4DCB-B73B-35D7FE356D49}.Debug|x64.Build.0 = Debug|Any CPU
		{108AE88B-E60E-4DCB-B73B-35D7FE356D49}.Debug|x86.ActiveCfg = Debug|Any CPU
		{108AE88B-E60E-4DCB-B73B-35D7FE356D49}.Debug|x86.Build.0 = Debug|Any CPU
		{108AE88B-E60E-4DCB-B73B-35D7FE356D49}.Release|Any CPU.ActiveCfg = Release|Any CPU
		{108AE88B-E60E-4DCB-B73B-35D7FE356D49}.Release|Any CPU.Build.0 = Release|Any CPU
		{108AE88B-E60E-4DCB-B73B-35D7FE356D49}.Release|x64.ActiveCfg = Release|Any CPU
		{108AE88B-E60E-4DCB-B73B-35D7FE356D49}.Release|x64.Build.0 = Release|Any CPU
		{108AE88B-E60E-4DCB-B73B-35D7FE356D49}.Release|x86.ActiveCfg = Release|Any CPU
		{108AE88B-E60E-4DCB-B73B-35D7FE356D49}.Release|x86.Build.0 = Release|Any CPU
		{7C69FDED-94F9-42D2-A40A-7806FE4FA8FA}.Debug|Any CPU.ActiveCfg = Debug|Any CPU
		{7C69FDED-94F9-42D2-A40A-7806FE4FA8FA}.Debug|Any CPU.Build.0 = Debug|Any CPU
		{7C69FDED-94F9-42D2-A40A-7806FE4FA8FA}.Debug|x64.ActiveCfg = Debug|Any CPU
		{7C69FDED-94F9-42D2-A40A-7806FE4FA8FA}.Debug|x64.Build.0 = Debug|Any CPU
		{7C69FDED-94F9-42D2-A40A-7806FE4FA8FA}.Debug|x86.ActiveCfg = Debug|Any CPU
		{7C69FDED-94F9-42D2-A40A-7806FE4FA8FA}.Debug|x86.Build.0 = Debug|Any CPU
		{7C69FDED-94F9-42D2-A40A-7806FE4FA8FA}.Release|Any CPU.ActiveCfg = Release|Any CPU
		{7C69FDED-94F9-42D2-A40A-7806FE4FA8FA}.Release|Any CPU.Build.0 = Release|Any CPU
		{7C69FDED-94F9-42D2-A40A-7806FE4FA8FA}.Release|x64.ActiveCfg = Release|Any CPU
		{7C69FDED-94F9-42D2-A40A-7806FE4FA8FA}.Release|x64.Build.0 = Release|Any CPU
		{7C69FDED-94F9-42D2-A40A-7806FE4FA8FA}.Release|x86.ActiveCfg = Release|Any CPU
		{7C69FDED-94F9-42D2-A40A-7806FE4FA8FA}.Release|x86.Build.0 = Release|Any CPU
		{1CEF7B13-0B4A-42ED-99D0-6258FBCA4C49}.Debug|Any CPU.ActiveCfg = Debug|Any CPU
		{1CEF7B13-0B4A-42ED-99D0-6258FBCA4C49}.Debug|Any CPU.Build.0 = Debug|Any CPU
		{1CEF7B13-0B4A-42ED-99D0-6258FBCA4C49}.Debug|x64.ActiveCfg = Debug|Any CPU
		{1CEF7B13-0B4A-42ED-99D0-6258FBCA4C49}.Debug|x64.Build.0 = Debug|Any CPU
		{1CEF7B13-0B4A-42ED-99D0-6258FBCA4C49}.Debug|x86.ActiveCfg = Debug|Any CPU
		{1CEF7B13-0B4A-42ED-99D0-6258FBCA4C49}.Debug|x86.Build.0 = Debug|Any CPU
		{1CEF7B13-0B4A-42ED-99D0-6258FBCA4C49}.Release|Any CPU.ActiveCfg = Release|Any CPU
		{1CEF7B13-0B4A-42ED-99D0-6258FBCA4C49}.Release|Any CPU.Build.0 = Release|Any CPU
		{1CEF7B13-0B4A-42ED-99D0-6258FBCA4C49}.Release|x64.ActiveCfg = Release|Any CPU
		{1CEF7B13-0B4A-42ED-99D0-6258FBCA4C49}.Release|x64.Build.0 = Release|Any CPU
		{1CEF7B13-0B4A-42ED-99D0-6258FBCA4C49}.Release|x86.ActiveCfg = Release|Any CPU
		{1CEF7B13-0B4A-42ED-99D0-6258FBCA4C49}.Release|x86.Build.0 = Release|Any CPU
		{86A591FC-730A-45AC-9DF9-6D4D48718A97}.Debug|Any CPU.ActiveCfg = Debug|Any CPU
		{86A591FC-730A-45AC-9DF9-6D4D48718A97}.Debug|Any CPU.Build.0 = Debug|Any CPU
		{86A591FC-730A-45AC-9DF9-6D4D48718A97}.Debug|x64.ActiveCfg = Debug|Any CPU
		{86A591FC-730A-45AC-9DF9-6D4D48718A97}.Debug|x64.Build.0 = Debug|Any CPU
		{86A591FC-730A-45AC-9DF9-6D4D48718A97}.Debug|x86.ActiveCfg = Debug|Any CPU
		{86A591FC-730A-45AC-9DF9-6D4D48718A97}.Debug|x86.Build.0 = Debug|Any CPU
		{86A591FC-730A-45AC-9DF9-6D4D48718A97}.Release|Any CPU.ActiveCfg = Release|Any CPU
		{86A591FC-730A-45AC-9DF9-6D4D48718A97}.Release|Any CPU.Build.0 = Release|Any CPU
		{86A591FC-730A-45AC-9DF9-6D4D48718A97}.Release|x64.ActiveCfg = Release|Any CPU
		{86A591FC-730A-45AC-9DF9-6D4D48718A97}.Release|x64.Build.0 = Release|Any CPU
		{86A591FC-730A-45AC-9DF9-6D4D48718A97}.Release|x86.ActiveCfg = Release|Any CPU
		{86A591FC-730A-45AC-9DF9-6D4D48718A97}.Release|x86.Build.0 = Release|Any CPU
		{ECE9EEF2-6502-49CA-A558-FD4E30F0BE86}.Debug|Any CPU.ActiveCfg = Debug|Any CPU
		{ECE9EEF2-6502-49CA-A558-FD4E30F0BE86}.Debug|Any CPU.Build.0 = Debug|Any CPU
		{ECE9EEF2-6502-49CA-A558-FD4E30F0BE86}.Debug|x64.ActiveCfg = Debug|Any CPU
		{ECE9EEF2-6502-49CA-A558-FD4E30F0BE86}.Debug|x64.Build.0 = Debug|Any CPU
		{ECE9EEF2-6502-49CA-A558-FD4E30F0BE86}.Debug|x86.ActiveCfg = Debug|Any CPU
		{ECE9EEF2-6502-49CA-A558-FD4E30F0BE86}.Debug|x86.Build.0 = Debug|Any CPU
		{ECE9EEF2-6502-49CA-A558-FD4E30F0BE86}.Release|Any CPU.ActiveCfg = Release|Any CPU
		{ECE9EEF2-6502-49CA-A558-FD4E30F0BE86}.Release|Any CPU.Build.0 = Release|Any CPU
		{ECE9EEF2-6502-49CA-A558-FD4E30F0BE86}.Release|x64.ActiveCfg = Release|Any CPU
		{ECE9EEF2-6502-49CA-A558-FD4E30F0BE86}.Release|x64.Build.0 = Release|Any CPU
		{ECE9EEF2-6502-49CA-A558-FD4E30F0BE86}.Release|x86.ActiveCfg = Release|Any CPU
		{ECE9EEF2-6502-49CA-A558-FD4E30F0BE86}.Release|x86.Build.0 = Release|Any CPU
		{86680B79-8CDC-4554-809B-237822AAF9B1}.Debug|Any CPU.ActiveCfg = Debug|Any CPU
		{86680B79-8CDC-4554-809B-237822AAF9B1}.Debug|Any CPU.Build.0 = Debug|Any CPU
		{86680B79-8CDC-4554-809B-237822AAF9B1}.Debug|x64.ActiveCfg = Debug|Any CPU
		{86680B79-8CDC-4554-809B-237822AAF9B1}.Debug|x64.Build.0 = Debug|Any CPU
		{86680B79-8CDC-4554-809B-237822AAF9B1}.Debug|x86.ActiveCfg = Debug|Any CPU
		{86680B79-8CDC-4554-809B-237822AAF9B1}.Debug|x86.Build.0 = Debug|Any CPU
		{86680B79-8CDC-4554-809B-237822AAF9B1}.Release|Any CPU.ActiveCfg = Release|Any CPU
		{86680B79-8CDC-4554-809B-237822AAF9B1}.Release|Any CPU.Build.0 = Release|Any CPU
		{86680B79-8CDC-4554-809B-237822AAF9B1}.Release|x64.ActiveCfg = Release|Any CPU
		{86680B79-8CDC-4554-809B-237822AAF9B1}.Release|x64.Build.0 = Release|Any CPU
		{86680B79-8CDC-4554-809B-237822AAF9B1}.Release|x86.ActiveCfg = Release|Any CPU
		{86680B79-8CDC-4554-809B-237822AAF9B1}.Release|x86.Build.0 = Release|Any CPU
		{21AEE7EA-237D-4631-A9CD-B01037B1E4D3}.Debug|Any CPU.ActiveCfg = Debug|Any CPU
		{21AEE7EA-237D-4631-A9CD-B01037B1E4D3}.Debug|Any CPU.Build.0 = Debug|Any CPU
		{21AEE7EA-237D-4631-A9CD-B01037B1E4D3}.Debug|x64.ActiveCfg = Debug|Any CPU
		{21AEE7EA-237D-4631-A9CD-B01037B1E4D3}.Debug|x64.Build.0 = Debug|Any CPU
		{21AEE7EA-237D-4631-A9CD-B01037B1E4D3}.Debug|x86.ActiveCfg = Debug|Any CPU
		{21AEE7EA-237D-4631-A9CD-B01037B1E4D3}.Debug|x86.Build.0 = Debug|Any CPU
		{21AEE7EA-237D-4631-A9CD-B01037B1E4D3}.Release|Any CPU.ActiveCfg = Release|Any CPU
		{21AEE7EA-237D-4631-A9CD-B01037B1E4D3}.Release|Any CPU.Build.0 = Release|Any CPU
		{21AEE7EA-237D-4631-A9CD-B01037B1E4D3}.Release|x64.ActiveCfg = Release|Any CPU
		{21AEE7EA-237D-4631-A9CD-B01037B1E4D3}.Release|x64.Build.0 = Release|Any CPU
		{21AEE7EA-237D-4631-A9CD-B01037B1E4D3}.Release|x86.ActiveCfg = Release|Any CPU
		{21AEE7EA-237D-4631-A9CD-B01037B1E4D3}.Release|x86.Build.0 = Release|Any CPU
		{A1055BF4-4DB0-4CC5-8301-E8B893F18AA8}.Debug|Any CPU.ActiveCfg = Debug|Any CPU
		{A1055BF4-4DB0-4CC5-8301-E8B893F18AA8}.Debug|Any CPU.Build.0 = Debug|Any CPU
		{A1055BF4-4DB0-4CC5-8301-E8B893F18AA8}.Debug|x64.ActiveCfg = Debug|Any CPU
		{A1055BF4-4DB0-4CC5-8301-E8B893F18AA8}.Debug|x64.Build.0 = Debug|Any CPU
		{A1055BF4-4DB0-4CC5-8301-E8B893F18AA8}.Debug|x86.ActiveCfg = Debug|Any CPU
		{A1055BF4-4DB0-4CC5-8301-E8B893F18AA8}.Debug|x86.Build.0 = Debug|Any CPU
		{A1055BF4-4DB0-4CC5-8301-E8B893F18AA8}.Release|Any CPU.ActiveCfg = Release|Any CPU
		{A1055BF4-4DB0-4CC5-8301-E8B893F18AA8}.Release|Any CPU.Build.0 = Release|Any CPU
		{A1055BF4-4DB0-4CC5-8301-E8B893F18AA8}.Release|x64.ActiveCfg = Release|Any CPU
		{A1055BF4-4DB0-4CC5-8301-E8B893F18AA8}.Release|x64.Build.0 = Release|Any CPU
		{A1055BF4-4DB0-4CC5-8301-E8B893F18AA8}.Release|x86.ActiveCfg = Release|Any CPU
		{A1055BF4-4DB0-4CC5-8301-E8B893F18AA8}.Release|x86.Build.0 = Release|Any CPU
	EndGlobalSection
	GlobalSection(SolutionProperties) = preSolution
		HideSolutionNode = FALSE
	EndGlobalSection
	GlobalSection(NestedProjects) = preSolution
		{239F1F64-7234-4611-9B6B-5A88D240727E} = {827E0CD3-B72D-47B6-A68D-7590B98EB39B}
		{A1B2C3D4-0000-0000-ABCD-030300000001} = {827E0CD3-B72D-47B6-A68D-7590B98EB39B}
		{AD78F9C4-4330-477D-B419-35AB0871634A} = {827E0CD3-B72D-47B6-A68D-7590B98EB39B}
		{F0552DBC-A608-4AC0-B3F3-641CDBB955B7} = {827E0CD3-B72D-47B6-A68D-7590B98EB39B}
		{108AE88B-E60E-4DCB-B73B-35D7FE356D49} = {827E0CD3-B72D-47B6-A68D-7590B98EB39B}
		{7C69FDED-94F9-42D2-A40A-7806FE4FA8FA} = {827E0CD3-B72D-47B6-A68D-7590B98EB39B}
		{1CEF7B13-0B4A-42ED-99D0-6258FBCA4C49} = {827E0CD3-B72D-47B6-A68D-7590B98EB39B}
		{86A591FC-730A-45AC-9DF9-6D4D48718A97} = {827E0CD3-B72D-47B6-A68D-7590B98EB39B}
		{ECE9EEF2-6502-49CA-A558-FD4E30F0BE86} = {827E0CD3-B72D-47B6-A68D-7590B98EB39B}
		{86680B79-8CDC-4554-809B-237822AAF9B1} = {827E0CD3-B72D-47B6-A68D-7590B98EB39B}
		{21AEE7EA-237D-4631-A9CD-B01037B1E4D3} = {827E0CD3-B72D-47B6-A68D-7590B98EB39B}
		{A1055BF4-4DB0-4CC5-8301-E8B893F18AA8} = {827E0CD3-B72D-47B6-A68D-7590B98EB39B}
	EndGlobalSection
EndGlobal
