Microsoft Visual Studio Solution File, Format Version 12.00
# Visual Studio Version 18
VisualStudioVersion = 18.4.11605.240
MinimumVisualStudioVersion = 10.0.40219.1
Project("{FAE04EC0-301F-11D3-BF4B-00C04F79EFBC}") = "Common", "src\Common\Common.csproj", "{A1B2C3D4-0000-0000-ABCD-111111111111}"
EndProject
Project("{FAE04EC0-301F-11D3-BF4B-00C04F79EFBC}") = "MCP", "src\MCP\MCP.csproj", "{A1B2C3D4-0000-0000-ABCD-CCCCCCCCCCCC}"
EndProject
Project("{FAE04EC0-301F-11D3-BF4B-00C04F79EFBC}") = "Lesson01_Interaction", "src\Lesson01_Interaction\Lesson01_Interaction.csproj", "{A1B2C3D4-0000-0000-ABCD-222222222222}"
EndProject
Project("{FAE04EC0-301F-11D3-BF4B-00C04F79EFBC}") = "Lesson01_Structured", "src\Lesson01_Structured\Lesson01_Structured.csproj", "{A1B2C3D4-0000-0000-ABCD-333333333333}"
EndProject
Project("{FAE04EC0-301F-11D3-BF4B-00C04F79EFBC}") = "Lesson01_Grounding", "src\Lesson01_Grounding\Lesson01_Grounding.csproj", "{A1B2C3D4-0000-0000-ABCD-444444444444}"
EndProject
Project("{FAE04EC0-301F-11D3-BF4B-00C04F79EFBC}") = "Lesson02_Tools", "src\Lesson02_Tools\Lesson02_Tools.csproj", "{A1B2C3D4-0000-0000-ABCD-555555555555}"
EndProject
Project("{FAE04EC0-301F-11D3-BF4B-00C04F79EFBC}") = "Lesson02_ToolUse", "src\Lesson02_ToolUse\Lesson02_ToolUse.csproj", "{A1B2C3D4-0000-0000-ABCD-666666666666}"
EndProject
Project("{FAE04EC0-301F-11D3-BF4B-00C04F79EFBC}") = "Lesson03_McpCore", "src\Lesson03_McpCore\Lesson03_McpCore.csproj", "{A1B2C3D4-0000-0000-ABCD-777777777701}"
EndProject
Project("{FAE04EC0-301F-11D3-BF4B-00C04F79EFBC}") = "Lesson03_McpNative", "src\Lesson03_McpNative\Lesson03_McpNative.csproj", "{A1B2C3D4-0000-0000-ABCD-777777777702}"
EndProject
Project("{FAE04EC0-301F-11D3-BF4B-00C04F79EFBC}") = "Lesson03_McpTranslator", "src\Lesson03_McpTranslator\Lesson03_McpTranslator.csproj", "{A1B2C3D4-0000-0000-ABCD-777777777703}"
EndProject
Project("{FAE04EC0-301F-11D3-BF4B-00C04F79EFBC}") = "Lesson03_UploadMcp", "src\Lesson03_UploadMcp\Lesson03_UploadMcp.csproj", "{A1B2C3D4-0000-0000-ABCD-777777777704}"
EndProject
Project("{FAE04EC0-301F-11D3-BF4B-00C04F79EFBC}") = "Lesson04_Audio", "src\Lesson04_Audio\Lesson04_Audio.csproj", "{A1B2C3D4-0000-0000-ABCD-888888888801}"
EndProject
Project("{FAE04EC0-301F-11D3-BF4B-00C04F79EFBC}") = "Lesson04_ImageRecognition", "src\Lesson04_ImageRecognition\Lesson04_ImageRecognition.csproj", "{A1B2C3D4-0000-0000-ABCD-888888888802}"
EndProject
Project("{FAE04EC0-301F-11D3-BF4B-00C04F79EFBC}") = "Lesson04_ImageEditing", "src\Lesson04_ImageEditing\Lesson04_ImageEditing.csproj", "{A1B2C3D4-0000-0000-ABCD-888888888803}"
EndProject
Project("{FAE04EC0-301F-11D3-BF4B-00C04F79EFBC}") = "Lesson04_ImageGuidance", "src\Lesson04_ImageGuidance\Lesson04_ImageGuidance.csproj", "{A1B2C3D4-0000-0000-ABCD-888888888804}"
EndProject
Project("{FAE04EC0-301F-11D3-BF4B-00C04F79EFBC}") = "Lesson04_JsonImage", "src\Lesson04_JsonImage\Lesson04_JsonImage.csproj", "{A1B2C3D4-0000-0000-ABCD-888888888805}"
EndProject
Project("{FAE04EC0-301F-11D3-BF4B-00C04F79EFBC}") = "Lesson04_Reports", "src\Lesson04_Reports\Lesson04_Reports.csproj", "{A1B2C3D4-0000-0000-ABCD-888888888806}"
EndProject
Project("{FAE04EC0-301F-11D3-BF4B-00C04F79EFBC}") = "Lesson05_Confirmation", "src\Lesson05_Confirmation\Lesson05_Confirmation.csproj", "{A1B2C3D4-0000-0000-ABCD-999999999901}"
EndProject
Project("{FAE04EC0-301F-11D3-BF4B-00C04F79EFBC}") = "Lesson05_Agent", "src\Lesson05_Agent\Lesson05_Agent.csproj", "{A1B2C3D4-0000-0000-ABCD-999999999902}"
EndProject
Project("{FAE04EC0-301F-11D3-BF4B-00C04F79EFBC}") = "Lesson06_AgenticRag", "src\Lesson06_AgenticRag\Lesson06_AgenticRag.csproj", "{A1B2C3D4-0000-0000-ABCD-000000000001}"
EndProject
Project("{FAE04EC0-301F-11D3-BF4B-00C04F79EFBC}") = "Lesson07_Chunking", "src\Lesson07_Chunking\Lesson07_Chunking.csproj", "{A1B2C3D4-0000-0000-ABCD-000000000002}"
EndProject
Project("{FAE04EC0-301F-11D3-BF4B-00C04F79EFBC}") = "Lesson07_Embedding", "src\Lesson07_Embedding\Lesson07_Embedding.csproj", "{A1B2C3D4-0000-0000-ABCD-000000000003}"
EndProject
Project("{FAE04EC0-301F-11D3-BF4B-00C04F79EFBC}") = "Lesson07_HybridRag", "src\Lesson07_HybridRag\Lesson07_HybridRag.csproj", "{A1B2C3D4-0000-0000-ABCD-000000000004}"
EndProject
Project("{FAE04EC0-301F-11D3-BF4B-00C04F79EFBC}") = "Lesson08_GraphAgents", "src\Lesson08_GraphAgents\Lesson08_GraphAgents.csproj", "{A1B2C3D4-0000-0000-ABCD-000000000005}"
EndProject
Global
	GlobalSection(SolutionConfigurationPlatforms) = preSolution
		Debug|Any CPU = Debug|Any CPU
		Release|Any CPU = Release|Any CPU
	EndGlobalSection
	GlobalSection(ProjectConfigurationPlatforms) = postSolution
		{A1B2C3D4-0000-0000-ABCD-111111111111}.Debug|Any CPU.ActiveCfg = Debug|Any CPU
		{A1B2C3D4-0000-0000-ABCD-111111111111}.Debug|Any CPU.Build.0 = Debug|Any CPU
		{A1B2C3D4-0000-0000-ABCD-111111111111}.Release|Any CPU.ActiveCfg = Release|Any CPU
		{A1B2C3D4-0000-0000-ABCD-111111111111}.Release|Any CPU.Build.0 = Release|Any CPU
		{A1B2C3D4-0000-0000-ABCD-CCCCCCCCCCCC}.Debug|Any CPU.ActiveCfg = Debug|Any CPU
		{A1B2C3D4-0000-0000-ABCD-CCCCCCCCCCCC}.Debug|Any CPU.Build.0 = Debug|Any CPU
		{A1B2C3D4-0000-0000-ABCD-CCCCCCCCCCCC}.Release|Any CPU.ActiveCfg = Release|Any CPU
		{A1B2C3D4-0000-0000-ABCD-CCCCCCCCCCCC}.Release|Any CPU.Build.0 = Release|Any CPU
		{A1B2C3D4-0000-0000-ABCD-222222222222}.Debug|Any CPU.ActiveCfg = Debug|Any CPU
		{A1B2C3D4-0000-0000-ABCD-222222222222}.Debug|Any CPU.Build.0 = Debug|Any CPU
		{A1B2C3D4-0000-0000-ABCD-222222222222}.Release|Any CPU.ActiveCfg = Release|Any CPU
		{A1B2C3D4-0000-0000-ABCD-222222222222}.Release|Any CPU.Build.0 = Release|Any CPU
		{A1B2C3D4-0000-0000-ABCD-333333333333}.Debug|Any CPU.ActiveCfg = Debug|Any CPU
		{A1B2C3D4-0000-0000-ABCD-333333333333}.Debug|Any CPU.Build.0 = Debug|Any CPU
		{A1B2C3D4-0000-0000-ABCD-333333333333}.Release|Any CPU.ActiveCfg = Release|Any CPU
		{A1B2C3D4-0000-0000-ABCD-333333333333}.Release|Any CPU.Build.0 = Release|Any CPU
		{A1B2C3D4-0000-0000-ABCD-444444444444}.Debug|Any CPU.ActiveCfg = Debug|Any CPU
		{A1B2C3D4-0000-0000-ABCD-444444444444}.Debug|Any CPU.Build.0 = Debug|Any CPU
		{A1B2C3D4-0000-0000-ABCD-444444444444}.Release|Any CPU.ActiveCfg = Release|Any CPU
		{A1B2C3D4-0000-0000-ABCD-444444444444}.Release|Any CPU.Build.0 = Release|Any CPU
		{A1B2C3D4-0000-0000-ABCD-555555555555}.Debug|Any CPU.ActiveCfg = Debug|Any CPU
		{A1B2C3D4-0000-0000-ABCD-555555555555}.Debug|Any CPU.Build.0 = Debug|Any CPU
		{A1B2C3D4-0000-0000-ABCD-555555555555}.Release|Any CPU.ActiveCfg = Release|Any CPU
		{A1B2C3D4-0000-0000-ABCD-555555555555}.Release|Any CPU.Build.0 = Release|Any CPU
		{A1B2C3D4-0000-0000-ABCD-666666666666}.Debug|Any CPU.ActiveCfg = Debug|Any CPU
		{A1B2C3D4-0000-0000-ABCD-666666666666}.Debug|Any CPU.Build.0 = Debug|Any CPU
		{A1B2C3D4-0000-0000-ABCD-666666666666}.Release|Any CPU.ActiveCfg = Release|Any CPU
		{A1B2C3D4-0000-0000-ABCD-666666666666}.Release|Any CPU.Build.0 = Release|Any CPU
		{A1B2C3D4-0000-0000-ABCD-777777777701}.Debug|Any CPU.ActiveCfg = Debug|Any CPU
		{A1B2C3D4-0000-0000-ABCD-777777777701}.Debug|Any CPU.Build.0 = Debug|Any CPU
		{A1B2C3D4-0000-0000-ABCD-777777777701}.Release|Any CPU.ActiveCfg = Release|Any CPU
		{A1B2C3D4-0000-0000-ABCD-777777777701}.Release|Any CPU.Build.0 = Release|Any CPU
		{A1B2C3D4-0000-0000-ABCD-777777777702}.Debug|Any CPU.ActiveCfg = Debug|Any CPU
		{A1B2C3D4-0000-0000-ABCD-777777777702}.Debug|Any CPU.Build.0 = Debug|Any CPU
		{A1B2C3D4-0000-0000-ABCD-777777777702}.Release|Any CPU.ActiveCfg = Release|Any CPU
		{A1B2C3D4-0000-0000-ABCD-777777777702}.Release|Any CPU.Build.0 = Release|Any CPU
		{A1B2C3D4-0000-0000-ABCD-777777777703}.Debug|Any CPU.ActiveCfg = Debug|Any CPU
		{A1B2C3D4-0000-0000-ABCD-777777777703}.Debug|Any CPU.Build.0 = Debug|Any CPU
		{A1B2C3D4-0000-0000-ABCD-777777777703}.Release|Any CPU.ActiveCfg = Release|Any CPU
		{A1B2C3D4-0000-0000-ABCD-777777777703}.Release|Any CPU.Build.0 = Release|Any CPU
		{A1B2C3D4-0000-0000-ABCD-777777777704}.Debug|Any CPU.ActiveCfg = Debug|Any CPU
		{A1B2C3D4-0000-0000-ABCD-777777777704}.Debug|Any CPU.Build.0 = Debug|Any CPU
		{A1B2C3D4-0000-0000-ABCD-777777777704}.Release|Any CPU.ActiveCfg = Release|Any CPU
		{A1B2C3D4-0000-0000-ABCD-777777777704}.Release|Any CPU.Build.0 = Release|Any CPU
		{A1B2C3D4-0000-0000-ABCD-888888888801}.Debug|Any CPU.ActiveCfg = Debug|Any CPU
		{A1B2C3D4-0000-0000-ABCD-888888888801}.Debug|Any CPU.Build.0 = Debug|Any CPU
		{A1B2C3D4-0000-0000-ABCD-888888888801}.Release|Any CPU.ActiveCfg = Release|Any CPU
		{A1B2C3D4-0000-0000-ABCD-888888888801}.Release|Any CPU.Build.0 = Release|Any CPU
		{A1B2C3D4-0000-0000-ABCD-888888888802}.Debug|Any CPU.ActiveCfg = Debug|Any CPU
		{A1B2C3D4-0000-0000-ABCD-888888888802}.Debug|Any CPU.Build.0 = Debug|Any CPU
		{A1B2C3D4-0000-0000-ABCD-888888888802}.Release|Any CPU.ActiveCfg = Release|Any CPU
		{A1B2C3D4-0000-0000-ABCD-888888888802}.Release|Any CPU.Build.0 = Release|Any CPU
		{A1B2C3D4-0000-0000-ABCD-888888888803}.Debug|Any CPU.ActiveCfg = Debug|Any CPU
		{A1B2C3D4-0000-0000-ABCD-888888888803}.Debug|Any CPU.Build.0 = Debug|Any CPU
		{A1B2C3D4-0000-0000-ABCD-888888888803}.Release|Any CPU.ActiveCfg = Release|Any CPU
		{A1B2C3D4-0000-0000-ABCD-888888888803}.Release|Any CPU.Build.0 = Release|Any CPU
		{A1B2C3D4-0000-0000-ABCD-888888888804}.Debug|Any CPU.ActiveCfg = Debug|Any CPU
		{A1B2C3D4-0000-0000-ABCD-888888888804}.Debug|Any CPU.Build.0 = Debug|Any CPU
		{A1B2C3D4-0000-0000-ABCD-888888888804}.Release|Any CPU.ActiveCfg = Release|Any CPU
		{A1B2C3D4-0000-0000-ABCD-888888888804}.Release|Any CPU.Build.0 = Release|Any CPU
		{A1B2C3D4-0000-0000-ABCD-888888888805}.Debug|Any CPU.ActiveCfg = Debug|Any CPU
		{A1B2C3D4-0000-0000-ABCD-888888888805}.Debug|Any CPU.Build.0 = Debug|Any CPU
		{A1B2C3D4-0000-0000-ABCD-888888888805}.Release|Any CPU.ActiveCfg = Release|Any CPU
		{A1B2C3D4-0000-0000-ABCD-888888888805}.Release|Any CPU.Build.0 = Release|Any CPU
		{A1B2C3D4-0000-0000-ABCD-888888888806}.Debug|Any CPU.ActiveCfg = Debug|Any CPU
		{A1B2C3D4-0000-0000-ABCD-888888888806}.Debug|Any CPU.Build.0 = Debug|Any CPU
		{A1B2C3D4-0000-0000-ABCD-888888888806}.Release|Any CPU.ActiveCfg = Release|Any CPU
		{A1B2C3D4-0000-0000-ABCD-888888888806}.Release|Any CPU.Build.0 = Release|Any CPU
		{A1B2C3D4-0000-0000-ABCD-999999999901}.Debug|Any CPU.ActiveCfg = Debug|Any CPU
		{A1B2C3D4-0000-0000-ABCD-999999999901}.Debug|Any CPU.Build.0 = Debug|Any CPU
		{A1B2C3D4-0000-0000-ABCD-999999999901}.Release|Any CPU.ActiveCfg = Release|Any CPU
		{A1B2C3D4-0000-0000-ABCD-999999999901}.Release|Any CPU.Build.0 = Release|Any CPU
		{A1B2C3D4-0000-0000-ABCD-999999999902}.Debug|Any CPU.ActiveCfg = Debug|Any CPU
		{A1B2C3D4-0000-0000-ABCD-999999999902}.Debug|Any CPU.Build.0 = Debug|Any CPU
		{A1B2C3D4-0000-0000-ABCD-999999999902}.Release|Any CPU.ActiveCfg = Release|Any CPU
		{A1B2C3D4-0000-0000-ABCD-999999999902}.Release|Any CPU.Build.0 = Release|Any CPU
		{A1B2C3D4-0000-0000-ABCD-000000000001}.Debug|Any CPU.ActiveCfg = Debug|Any CPU
		{A1B2C3D4-0000-0000-ABCD-000000000001}.Debug|Any CPU.Build.0 = Debug|Any CPU
		{A1B2C3D4-0000-0000-ABCD-000000000001}.Release|Any CPU.ActiveCfg = Release|Any CPU
		{A1B2C3D4-0000-0000-ABCD-000000000001}.Release|Any CPU.Build.0 = Release|Any CPU
		{A1B2C3D4-0000-0000-ABCD-000000000002}.Debug|Any CPU.ActiveCfg = Debug|Any CPU
		{A1B2C3D4-0000-0000-ABCD-000000000002}.Debug|Any CPU.Build.0 = Debug|Any CPU
		{A1B2C3D4-0000-0000-ABCD-000000000002}.Release|Any CPU.ActiveCfg = Release|Any CPU
		{A1B2C3D4-0000-0000-ABCD-000000000002}.Release|Any CPU.Build.0 = Release|Any CPU
		{A1B2C3D4-0000-0000-ABCD-000000000003}.Debug|Any CPU.ActiveCfg = Debug|Any CPU
		{A1B2C3D4-0000-0000-ABCD-000000000003}.Debug|Any CPU.Build.0 = Debug|Any CPU
		{A1B2C3D4-0000-0000-ABCD-000000000003}.Release|Any CPU.ActiveCfg = Release|Any CPU
		{A1B2C3D4-0000-0000-ABCD-000000000003}.Release|Any CPU.Build.0 = Release|Any CPU
		{A1B2C3D4-0000-0000-ABCD-000000000004}.Debug|Any CPU.ActiveCfg = Debug|Any CPU
		{A1B2C3D4-0000-0000-ABCD-000000000004}.Debug|Any CPU.Build.0 = Debug|Any CPU
		{A1B2C3D4-0000-0000-ABCD-000000000004}.Release|Any CPU.ActiveCfg = Release|Any CPU
		{A1B2C3D4-0000-0000-ABCD-000000000004}.Release|Any CPU.Build.0 = Release|Any CPU
		{A1B2C3D4-0000-0000-ABCD-000000000005}.Debug|Any CPU.ActiveCfg = Debug|Any CPU
		{A1B2C3D4-0000-0000-ABCD-000000000005}.Debug|Any CPU.Build.0 = Debug|Any CPU
		{A1B2C3D4-0000-0000-ABCD-000000000005}.Release|Any CPU.ActiveCfg = Release|Any CPU
		{A1B2C3D4-0000-0000-ABCD-000000000005}.Release|Any CPU.Build.0 = Release|Any CPU
	EndGlobalSection
	GlobalSection(SolutionProperties) = preSolution
		HideSolutionNode = FALSE
	EndGlobalSection
EndGlobal
